// !$*UTF8*$!
{
	archiveVersion = 1;
	classes = {
	};
	objectVersion = 50;
	objects = {

/* Begin PBXBuildFile section */
		A469D449262E8DB70084E68B /* recipes.json in Resources */ = {isa = PBXBuildFile; fileRef = A469D448262E8DB70084E68B /* recipes.json */; };
		A469D44C262E8FD10084E68B /* detailView.swift in Sources */ = {isa = PBXBuildFile; fileRef = A469D44B262E8FD10084E68B /* detailView.swift */; };
		A469D44F262E9D2E0084E68B /* featureView.swift in Sources */ = {isa = PBXBuildFile; fileRef = A469D44E262E9D2E0084E68B /* featureView.swift */; };
		A49500B3262E79F40089FE14 /* AppDelegate.swift in Sources */ = {isa = PBXBuildFile; fileRef = A49500B2262E79F40089FE14 /* AppDelegate.swift */; };
		A49500B5262E79F40089FE14 /* SceneDelegate.swift in Sources */ = {isa = PBXBuildFile; fileRef = A49500B4262E79F40089FE14 /* SceneDelegate.swift */; };
		A49500B7262E79F40089FE14 /* ContentView.swift in Sources */ = {isa = PBXBuildFile; fileRef = A49500B6262E79F40089FE14 /* ContentView.swift */; };
		A49500B9262E79F50089FE14 /* Assets.xcassets in Resources */ = {isa = PBXBuildFile; fileRef = A49500B8262E79F50089FE14 /* Assets.xcassets */; };
		A49500BC262E79F50089FE14 /* Preview Assets.xcassets in Resources */ = {isa = PBXBuildFile; fileRef = A49500BB262E79F50089FE14 /* Preview Assets.xcassets */; };
		A49500BF262E79F50089FE14 /* LaunchScreen.storyboard in Resources */ = {isa = PBXBuildFile; fileRef = A49500BD262E79F50089FE14 /* LaunchScreen.storyboard */; };
		A49500CF262E7B690089FE14 /* structOfData.swift in Sources */ = {isa = PBXBuildFile; fileRef = A49500CE262E7B690089FE14 /* structOfData.swift */; };
		A49500D2262E7D5F0089FE14 /* viewModel.swift in Sources */ = {isa = PBXBuildFile; fileRef = A49500D1262E7D5F0089FE14 /* viewModel.swift */; };
		A49500D5262E856B0089FE14 /* ListView.swift in Sources */ = {isa = PBXBuildFile; fileRef = A49500D4262E856B0089FE14 /* ListView.swift */; };
/* End PBXBuildFile section */

/* Begin PBXFileReference section */
		A469D448262E8DB70084E68B /* recipes.json */ = {isa = PBXFileReference; fileEncoding = 4; lastKnownFileType = text.json; name = recipes.json; path = "../../../../Downloads/Recipe List App 2/Recipe List App/Data/recipes.json"; sourceTree = "<group>"; };
		A469D44B262E8FD10084E68B /* detailView.swift */ = {isa = PBXFileReference; lastKnownFileType = sourcecode.swift; path = detailView.swift; sourceTree = "<group>"; };
		A469D44E262E9D2E0084E68B /* featureView.swift */ = {isa = PBXFileReference; lastKnownFileType = sourcecode.swift; path = featureView.swift; sourceTree = "<group>"; };
		A49500AF262E79F40089FE14 /* RecipeList.app */ = {isa = PBXFileReference; explicitFileType = wrapper.application; includeInIndex = 0; path = RecipeList.app; sourceTree = BUILT_PRODUCTS_DIR; };
		A49500B2262E79F40089FE14 /* AppDelegate.swift */ = {isa = PBXFileReference; lastKnownFileType = sourcecode.swift; path = AppDelegate.swift; sourceTree = "<group>"; };
		A49500B4262E79F40089FE14 /* SceneDelegate.swift */ = {isa = PBXFileReference; lastKnownFileType = sourcecode.swift; path = SceneDelegate.swift; sourceTree = "<group>"; };
		A49500B6262E79F40089FE14 /* ContentView.swift */ = {isa = PBXFileReference; lastKnownFileType = sourcecode.swift; path = ContentView.swift; sourceTree = "<group>"; };
		A49500B8262E79F50089FE14 /* Assets.xcassets */ = {isa = PBXFileReference; lastKnownFileType = folder.assetcatalog; path = Assets.xcassets; sourceTree = "<group>"; };
		A49500BB262E79F50089FE14 /* Preview Assets.xcassets */ = {isa = PBXFileReference; lastKnownFileType = folder.assetcatalog; path = "Preview Assets.xcassets"; sourceTree = "<group>"; };
		A49500BE262E79F50089FE14 /* Base */ = {isa = PBXFileReference; lastKnownFileType = file.storyboard; name = Base; path = Base.lproj/LaunchScreen.storyboard; sourceTree = "<group>"; };
		A49500C0262E79F50089FE14 /* Info.plist */ = {isa = PBXFileReference; lastKnownFileType = text.plist.xml; path = Info.plist; sourceTree = "<group>"; };
		A49500CE262E7B690089FE14 /* structOfData.swift */ = {isa = PBXFileReference; lastKnownFileType = sourcecode.swift; path = structOfData.swift; sourceTree = "<group>"; };
		A49500D1262E7D5F0089FE14 /* viewModel.swift */ = {isa = PBXFileReference; lastKnownFileType = sourcecode.swift; path = viewModel.swift; sourceTree = "<group>"; };
		A49500D4262E856B0089FE14 /* ListView.swift */ = {isa = PBXFileReference; lastKnownFileType = sourcecode.swift; path = ListView.swift; sourceTree = "<group>"; };
/* End PBXFileReference section */

/* Begin PBXFrameworksBuildPhase section */
		A49500AC262E79F40089FE14 /* Frameworks */ = {
			isa = PBXFrameworksBuildPhase;
			buildActionMask = 2147483647;
			files = (
			);
			runOnlyForDeploymentPostprocessing = 0;
		};
/* End PBXFrameworksBuildPhase section */

/* Begin PBXGroup section */
		A49500A6262E79F40089FE14 = {
			isa = PBXGroup;
			children = (
				A49500B1262E79F40089FE14 /* RecipeList */,
				A49500B0262E79F40089FE14 /* Products */,
			);
			sourceTree = "<group>";
		};
		A49500B0262E79F40089FE14 /* Products */ = {
			isa = PBXGroup;
			children = (
				A49500AF262E79F40089FE14 /* RecipeList.app */,
			);
			name = Products;
			sourceTree = "<group>";
		};
		A49500B1262E79F40089FE14 /* RecipeList */ = {
			isa = PBXGroup;
			children = (
				A49500CA262E7B270089FE14 /* Data */,
				A49500C9262E7B220089FE14 /* Model */,
				A49500C8262E7B180089FE14 /* ViewModel */,
				A49500C7262E7B0D0089FE14 /* View */,
				A49500B2262E79F40089FE14 /* AppDelegate.swift */,
				A49500B4262E79F40089FE14 /* SceneDelegate.swift */,
				A49500B8262E79F50089FE14 /* Assets.xcassets */,
				A49500BD262E79F50089FE14 /* LaunchScreen.storyboard */,
				A49500C0262E79F50089FE14 /* Info.plist */,
				A49500BA262E79F50089FE14 /* Preview Content */,
			);
			path = RecipeList;
			sourceTree = "<group>";
		};
		A49500BA262E79F50089FE14 /* Preview Content */ = {
			isa = PBXGroup;
			children = (
				A49500BB262E79F50089FE14 /* Preview Assets.xcassets */,
			);
			path = "Preview Content";
			sourceTree = "<group>";
		};
		A49500C7262E7B0D0089FE14 /* View */ = {
			isa = PBXGroup;
			children = (
				A49500B6262E79F40089FE14 /* ContentView.swift */,
				A49500D4262E856B0089FE14 /* ListView.swift */,
				A469D44B262E8FD10084E68B /* detailView.swift */,
				A469D44E262E9D2E0084E68B /* featureView.swift */,
			);
			path = View;
			sourceTree = "<group>";
		};
		A49500C8262E7B180089FE14 /* ViewModel */ = {
			isa = PBXGroup;
			children = (
				A49500D1262E7D5F0089FE14 /* viewModel.swift */,
			);
			path = ViewModel;
			sourceTree = "<group>";
		};
		A49500C9262E7B220089FE14 /* Model */ = {
			isa = PBXGroup;
			children = (
				A49500CE262E7B690089FE14 /* structOfData.swift */,
			);
			path = Model;
			sourceTree = "<group>";
		};
		A49500CA262E7B270089FE14 /* Data */ = {
			isa = PBXGroup;
			children = (
				A469D448262E8DB70084E68B /* recipes.json */,
			);
			path = Data;
			sourceTree = "<group>";
		};
/* End PBXGroup section */

/* Begin PBXNativeTarget section */
		A49500AE262E79F40089FE14 /* RecipeList */ = {
			isa = PBXNativeTarget;
			buildConfigurationList = A49500C3262E79F50089FE14 /* Build configuration list for PBXNativeTarget "RecipeList" */;
			buildPhases = (
				A49500AB262E79F40089FE14 /* Sources */,
				A49500AC262E79F40089FE14 /* Frameworks */,
				A49500AD262E79F40089FE14 /* Resources */,
			);
			buildRules = (
			);
			dependencies = (
			);
			name = RecipeList;
			productName = RecipeList;
			productReference = A49500AF262E79F40089FE14 /* RecipeList.app */;
			productType = "com.apple.product-type.application";
		};
/* End PBXNativeTarget section */

/* Begin PBXProject section */
		A49500A7262E79F40089FE14 /* Project object */ = {
			isa = PBXProject;
			attributes = {
				LastSwiftUpdateCheck = 1230;
				LastUpgradeCheck = 1230;
				TargetAttributes = {
					A49500AE262E79F40089FE14 = {
						CreatedOnToolsVersion = 12.3;
					};
				};
			};
			buildConfigurationList = A49500AA262E79F40089FE14 /* Build configuration list for PBXProject "RecipeList" */;
			compatibilityVersion = "Xcode 9.3";
			developmentRegion = en;
			hasScannedForEncodings = 0;
			knownRegions = (
				en,
				Base,
			);
			mainGroup = A49500A6262E79F40089FE14;
			productRefGroup = A49500B0262E79F40089FE14 /* Products */;
			projectDirPath = "";
			projectRoot = "";
			targets = (
				A49500AE262E79F40089FE14 /* RecipeList */,
			);
		};
/* End PBXProject section */

/* Begin PBXResourcesBuildPhase section */
		A49500AD262E79F40089FE14 /* Resources */ = {
			isa = PBXResourcesBuildPhase;
			buildActionMask = 2147483647;
			files = (
				A49500BF262E79F50089FE14 /* LaunchScreen.storyboard in Resources */,
				A49500BC262E79F50089FE14 /* Preview Assets.xcassets in Resources */,
				A49500B9262E79F50089FE14 /* Assets.xcassets in Resources */,
				A469D449262E8DB70084E68B /* recipes.json in Resources */,
			);
			runOnlyForDeploymentPostprocessing = 0;
		};
/* End PBXResourcesBuildPhase section */

/* Begin PBXSourcesBuildPhase section */
		A49500AB262E79F40089FE14 /* Sources */ = {
			isa = PBXSourcesBuildPhase;
			buildActionMask = 2147483647;
			files = (
				A49500B3262E79F40089FE14 /* AppDelegate.swift in Sources */,
				A49500CF262E7B690089FE14 /* structOfData.swift in Sources */,
				A469D44C262E8FD10084E68B /* detailView.swift in Sources */,
				A469D44F262E9D2E0084E68B /* featureView.swift in Sources */,
				A49500D5262E856B0089FE14 /* ListView.swift in Sources */,
				A49500B5262E79F40089FE14 /* SceneDelegate.swift in Sources */,
				A49500D2262E7D5F0089FE14 /* viewModel.swift in Sources */,
				A49500B7262E79F40089FE14 /* ContentView.swift in Sources */,
			);
			runOnlyForDeploymentPostprocessing = 0;
		};
/* End PBXSourcesBuildPhase section */

/* Begin PBXVariantGroup section */
		A49500BD262E79F50089FE14 /* LaunchScreen.storyboard */ = {
			isa = PBXVariantGroup;
			children = (
				A49500BE262E79F50089FE14 /* Base */,
			);
			name = LaunchScreen.storyboard;
			sourceTree = "<group>";
		};
/* End PBXVariantGroup section */

/* Begin XCBuildConfiguration section */
		A49500C1262E79F50089FE14 /* Debug */ = {
			isa = XCBuildConfiguration;
			buildSettings = {
				ALWAYS_SEARCH_USER_PATHS = NO;
				CLANG_ANALYZER_NONNULL = YES;
				CLANG_ANALYZER_NUMBER_OBJECT_CONVERSION = YES_AGGRESSIVE;
				CLANG_CXX_LANGUAGE_STANDARD = "gnu++14";
				CLANG_CXX_LIBRARY = "libc++";
				CLANG_ENABLE_MODULES = YES;
				CLANG_ENABLE_OBJC_ARC = YES;
				CLANG_ENABLE_OBJC_WEAK = YES;
				CLANG_WARN_BLOCK_CAPTURE_AUTORELEASING = YES;
				CLANG_WARN_BOOL_CONVERSION = YES;
				CLANG_WARN_COMMA = YES;
				CLANG_WARN_CONSTANT_CONVERSION = YES;
				CLANG_WARN_DEPRECATED_OBJC_IMPLEMENTATIONS = YES;
				CLANG_WARN_DIRECT_OBJC_ISA_USAGE = YES_ERROR;
				CLANG_WARN_DOCUMENTATION_COMMENTS = YES;
				CLANG_WARN_EMPTY_BODY = YES;
				CLANG_WARN_ENUM_CONVERSION = YES;
				CLANG_WARN_INFINITE_RECURSION = YES;
				CLANG_WARN_INT_CONVERSION = YES;
				CLANG_WARN_NON_LITERAL_NULL_CONVERSION = YES;
				CLANG_WARN_OBJC_IMPLICIT_RETAIN_SELF = YES;
				CLANG_WARN_OBJC_LITERAL_CONVERSION = YES;
				CLANG_WARN_OBJC_ROOT_CLASS = YES_ERROR;
				CLANG_WARN_QUOTED_INCLUDE_IN_FRAMEWORK_HEADER = YES;
				CLANG_WARN_RANGE_LOOP_ANALYSIS = YES;
				CLANG_WARN_STRICT_PROTOTYPES = YES;
				CLANG_WARN_SUSPICIOUS_MOVE = YES;
				CLANG_WARN_UNGUARDED_AVAILABILITY = YES_AGGRESSIVE;
				CLANG_WARN_UNREACHABLE_CODE = YES;
				CLANG_WARN__DUPLICATE_METHOD_MATCH = YES;
				COPY_PHASE_STRIP = NO;
				DEBUG_INFORMATION_FORMAT = dwarf;
				ENABLE_STRICT_OBJC_MSGSEND = YES;
				ENABLE_TESTABILITY = YES;
				GCC_C_LANGUAGE_STANDARD = gnu11;
				GCC_DYNAMIC_NO_PIC = NO;
				GCC_NO_COMMON_BLOCKS = YES;
				GCC_OPTIMIZATION_LEVEL = 0;
				GCC_PREPROCESSOR_DEFINITIONS = (
					"DEBUG=1",
					"$(inherited)",
				);
				GCC_WARN_64_TO_32_BIT_CONVERSION = YES;
				GCC_WARN_ABOUT_RETURN_TYPE = YES_ERROR;
				GCC_WARN_UNDECLARED_SELECTOR = YES;
				GCC_WARN_UNINITIALIZED_AUTOS = YES_AGGRESSIVE;
				GCC_WARN_UNUSED_FUNCTION = YES;
				GCC_WARN_UNUSED_VARIABLE = YES;
				IPHONEOS_DEPLOYMENT_TARGET = 14.3;
				MTL_ENABLE_DEBUG_INFO = INCLUDE_SOURCE;
				MTL_FAST_MATH = YES;
				ONLY_ACTIVE_ARCH = YES;
				SDKROOT = iphoneos;
				SWIFT_ACTIVE_COMPILATION_CONDITIONS = DEBUG;
				SWIFT_OPTIMIZATION_LEVEL = "-Onone";
			};
			name = Debug;
		};
		A49500C2262E79F50089FE14 /* Release */ = {
			isa = XCBuildConfiguration;
			buildSettings = {
				ALWAYS_SEARCH_USER_PATHS = NO;
				CLANG_ANALYZER_NONNULL = YES;
				CLANG_ANALYZER_NUMBER_OBJECT_CONVERSION = YES_AGGRESSIVE;
				CLANG_CXX_LANGUAGE_STANDARD = "gnu++14";
				CLANG_CXX_LIBRARY = "libc++";
				CLANG_ENABLE_MODULES = YES;
				CLANG_ENABLE_OBJC_ARC = YES;
				CLANG_ENABLE_OBJC_WEAK = YES;
				CLANG_WARN_BLOCK_CAPTURE_AUTORELEASING = YES;
				CLANG_WARN_BOOL_CONVERSION = YES;
				CLANG_WARN_COMMA = YES;
				CLANG_WARN_CONSTANT_CONVERSION = YES;
				CLANG_WARN_DEPRECATED_OBJC_IMPLEMENTATIONS = YES;
				CLANG_WARN_DIRECT_OBJC_ISA_USAGE = YES_ERROR;
				CLANG_WARN_DOCUMENTATION_COMMENTS = YES;
				CLANG_WARN_EMPTY_BODY = YES;
				CLANG_WARN_ENUM_CONVERSION = YES;
				CLANG_WARN_INFINITE_RECURSION = YES;
				CLANG_WARN_INT_CONVERSION = YES;
				CLANG_WARN_NON_LITERAL_NULL_CONVERSION = YES;
				CLANG_WARN_OBJC_IMPLICIT_RETAIN_SELF = YES;
				CLANG_WARN_OBJC_LITERAL_CONVERSION = YES;
				CLANG_WARN_OBJC_ROOT_CLASS = YES_ERROR;
				CLANG_WARN_QUOTED_INCLUDE_IN_FRAMEWORK_HEADER = YES;
				CLANG_WARN_RANGE_LOOP_ANALYSIS = YES;
				CLANG_WARN_STRICT_PROTOTYPES = YES;
				CLANG_WARN_SUSPICIOUS_MOVE = YES;
				CLANG_WARN_UNGUARDED_AVAILABILITY = YES_AGGRESSIVE;
				CLANG_WARN_UNREACHABLE_CODE = YES;
				CLANG_WARN__DUPLICATE_METHOD_MATCH = YES;
				COPY_PHASE_STRIP = NO;
				DEBUG_INFORMATION_FORMAT = "dwarf-with-dsym";
				ENABLE_NS_ASSERTIONS = NO;
				ENABLE_STRICT_OBJC_MSGSEND = YES;
				GCC_C_LANGUAGE_STANDARD = gnu11;
				GCC_NO_COMMON_BLOCKS = YES;
				GCC_WARN_64_TO_32_BIT_CONVERSION = YES;
				GCC_WARN_ABOUT_RETURN_TYPE = YES_ERROR;
				GCC_WARN_UNDECLARED_SELECTOR = YES;
				GCC_WARN_UNINITIALIZED_AUTOS = YES_AGGRESSIVE;
				GCC_WARN_UNUSED_FUNCTION = YES;
				GCC_WARN_UNUSED_VARIABLE = YES;
				IPHONEOS_DEPLOYMENT_TARGET = 14.3;
				MTL_ENABLE_DEBUG_INFO = NO;
				MTL_FAST_MATH = YES;
				SDKROOT = iphoneos;
				SWIFT_COMPILATION_MODE = wholemodule;
				SWIFT_OPTIMIZATION_LEVEL = "-O";
				VALIDATE_PRODUCT = YES;
			};
			name = Release;
		};
		A49500C4262E79F50089FE14 /* Debug */ = {
			isa = XCBuildConfiguration;
			buildSettings = {
				ASSETCATALOG_COMPILER_APPICON_NAME = AppIcon;
				ASSETCATALOG_COMPILER_GLOBAL_ACCENT_COLOR_NAME = AccentColor;
				CODE_SIGN_STYLE = Automatic;
				DEVELOPMENT_ASSET_PATHS = "\"RecipeList/Preview Content\"";
				DEVELOPMENT_TEAM = 625C4SHL7S;
				ENABLE_PREVIEWS = YES;
				INFOPLIST_FILE = RecipeList/Info.plist;
				LD_RUNPATH_SEARCH_PATHS = (
					"$(inherited)",
					"@executable_path/Frameworks",
				);
				PRODUCT_BUNDLE_IDENTIFIER = Me.RecipeList;
				PRODUCT_NAME = "$(TARGET_NAME)";
				SWIFT_VERSION = 5.0;
				TARGETED_DEVICE_FAMILY = "1,2";
			};
			name = Debug;
		};
		A49500C5262E79F50089FE14 /* Release */ = {
			isa = XCBuildConfiguration;
			buildSettings = {
				ASSETCATALOG_COMPILER_APPICON_NAME = AppIcon;
				ASSETCATALOG_COMPILER_GLOBAL_ACCENT_COLOR_NAME = AccentColor;
				CODE_SIGN_STYLE = Automatic;
				DEVELOPMENT_ASSET_PATHS = "\"RecipeList/Preview Content\"";
				DEVELOPMENT_TEAM = 625C4SHL7S;
				ENABLE_PREVIEWS = YES;
				INFOPLIST_FILE = RecipeList/Info.plist;
				LD_RUNPATH_SEARCH_PATHS = (
					"$(inherited)",
					"@executable_path/Frameworks",
				);
				PRODUCT_BUNDLE_IDENTIFIER = Me.RecipeList;
				PRODUCT_NAME = "$(TARGET_NAME)";
				SWIFT_VERSION = 5.0;
				TARGETED_DEVICE_FAMILY = "1,2";
			};
			name = Release;
		};
/* End XCBuildConfiguration section */

/* Begin XCConfigurationList section */
		A49500AA262E79F40089FE14 /* Build configuration list for PBXProject "RecipeList" */ = {
			isa = XCConfigurationList;
			buildConfigurations = (
				A49500C1262E79F50089FE14 /* Debug */,
				A49500C2262E79F50089FE14 /* Release */,
			);
			defaultConfigurationIsVisible = 0;
			defaultConfigurationName = Release;
		};
		A49500C3262E79F50089FE14 /* Build configuration list for PBXNativeTarget "RecipeList" */ = {
			isa = XCConfigurationList;
			buildConfigurations = (
				A49500C4262E79F50089FE14 /* Debug */,
				A49500C5262E79F50089FE14 /* Release */,
			);
			defaultConfigurationIsVisible = 0;
			defaultConfigurationName = Release;
		};
/* End XCConfigurationList section */
	};
	rootObject = A49500A7262E79F40089FE14 /* Project object */;
}
